
Microsoft Visual Studio Solution File, Format Version 12.00
# Visual Studio Version 18
VisualStudioVersion = 18.6.11723.189
MinimumVisualStudioVersion = 10.0.40219.1
Project("{FAE04EC0-301F-11D3-BF4B-00C04F79EFBC}") = "ControlsDemo.Godot", "ControlsDemo.Godot\ControlsDemo.Godot.csproj", "{FB1A95AE-D5CF-4FBC-8135-2825EF97CAB0}"
EndProject
Project("{FAE04EC0-301F-11D3-BF4B-00C04F79EFBC}") = "ControlsDemo.AvaloniaUI", "ControlsDemo.AvaloniaUI\ControlsDemo.AvaloniaUI.csproj", "{469524A4-9AED-4865-8F33-EFC327773BAE}"
EndProject
Global
	GlobalSection(SolutionConfigurationPlatforms) = preSolution
		Debug|Any CPU = Debug|Any CPU
		ExportDebug|Any CPU = ExportDebug|Any CPU
		ExportRelease|Any CPU = ExportRelease|Any CPU
	EndGlobalSection
	GlobalSection(ProjectConfigurationPlatforms) = postSolution
		{FB1A95AE-D5CF-4FBC-8135-2825EF97CAB0}.Debug|Any CPU.ActiveCfg = Debug|Any CPU
		{FB1A95AE-D5CF-4FBC-8135-2825EF97CAB0}.Debug|Any CPU.Build.0 = Debug|Any CPU
		{FB1A95AE-D5CF-4FBC-8135-2825EF97CAB0}.ExportDebug|Any CPU.ActiveCfg = ExportDebug|Any CPU
		{FB1A95AE-D5CF-4FBC-8135-2825EF97CAB0}.ExportDebug|Any CPU.Build.0 = ExportDebug|Any CPU
		{FB1A95AE-D5CF-4FBC-8135-2825EF97CAB0}.ExportRelease|Any CPU.ActiveCfg = ExportRelease|Any CPU
		{FB1A95AE-D5CF-4FBC-8135-2825EF97CAB0}.ExportRelease|Any CPU.Build.0 = ExportRelease|Any CPU
		{469524A4-9AED-4865-8F33-EFC327773BAE}.Debug|Any CPU.ActiveCfg = Debug|Any CPU
		{469524A4-9AED-4865-8F33-EFC327773BAE}.Debug|Any CPU.Build.0 = Debug|Any CPU
		{469524A4-9AED-4865-8F33-EFC327773BAE}.ExportDebug|Any CPU.ActiveCfg = Release|Any CPU
		{469524A4-9AED-4865-8F33-EFC327773BAE}.ExportDebug|Any CPU.Build.0 = Release|Any CPU
		{469524A4-9AED-4865-8F33-EFC327773BAE}.ExportRelease|Any CPU.ActiveCfg = Release|Any CPU
		{469524A4-9AED-4865-8F33-EFC327773BAE}.ExportRelease|Any CPU.Build.0 = Release|Any CPU
	EndGlobalSection
	GlobalSection(SolutionProperties) = preSolution
		HideSolutionNode = FALSE
	EndGlobalSection
	GlobalSection(ExtensibilityGlobals) = postSolution
		SolutionGuid = {8B670E58-6C97-4713-A80D-F9D64860E76B}
	EndGlobalSection
EndGlobal
